<?xml version="1.0" encoding="utf-8"?>
<Project ToolsVersion="4.0" xmlns="http://schemas.microsoft.com/developer/msbuild/2003">
  <ItemGroup>
    <Filter Include="Source Files">
      <UniqueIdentifier>{fd923660-1c38-47b1-8b08-e034efe2e350}</UniqueIdentifier>
      <Extensions>cpp;c;cxx;rc;def;r;odl;idl;hpj;bat</Extensions>
    </Filter>
    <Filter Include="Header Files">
      <UniqueIdentifier>{c9df9232-3f0e-45a0-ac58-3845c586a478}</UniqueIdentifier>
      <Extensions>h;hpp;hxx;hm;inl</Extensions>
    </Filter>
    <Filter Include="Resource Files">
      <UniqueIdentifier>{fc120f9c-1a6d-44de-a0df-d55a6d5e99b7}</UniqueIdentifier>
      <Extensions>ico;cur;bmp;dlg;rc2;rct;bin;rgs;gif;jpg;jpeg;jpe</Extensions>
    </Filter>
  </ItemGroup>
  <ItemGroup>
    <ClCompile Include="GrablinkSnapshot.cpp">
      <Filter>Source Files</Filter>
    </ClCompile>
    <ClCompile Include="GrablinkSnapshotDoc.cpp">
      <Filter>Source Files</Filter>
    </ClCompile>
    <ClCompile Include="GrablinkSnapshotView.cpp">
      <Filter>Source Files</Filter>
    </ClCompile>
    <ClCompile Include="MainFrm.cpp">
      <Filter>Source Files</Filter>
    </ClCompile>
    <ClCompile Include="StdAfx.cpp">
      <Filter>Source Files</Filter>
    </ClCompile>
    <ClCompile Include="BmpHelper.cpp">
      <Filter>Source Files</Filter>
    </ClCompile>
    <ClCompile Include="..\core\BmpWriter.cpp">
      <Filter>Source Files</Filter>
    </ClCompile>
    <ClCompile Include="..\core\CallbackDrain.cpp">
      <Filter>Source Files</Filter>
    </ClCompile>
    <ClCompile Include="..\core\CaptureStats.cpp">
      <Filter>Source Files</Filter>
    </ClCompile>
    <ClCompile Include="..\core\FrameBuffer.cpp">
      <Filter>Source Files</Filter>
    </ClCompile>
    <ClCompile Include="..\core\ModalScopeCounter.cpp">
      <Filter>Source Files</Filter>
    </ClCompile>
    <ClCompile Include="..\core\PreviewPublisher.cpp">
      <Filter>Source Files</Filter>
    </ClCompile>
    <ClCompile Include="..\core\RefreshCoalescer.cpp">
      <Filter>Source Files</Filter>
    </ClCompile>
    <ClCompile Include="..\core\RunFolder.cpp">
      <Filter>Source Files</Filter>
    </ClCompile>
    <ClCompile Include="..\core\SaveWorker.cpp">
      <Filter>Source Files</Filter>
    </ClCompile>
  </ItemGroup>
  <ItemGroup>
    <ResourceCompile Include="GrablinkSnapshot.rc">
      <Filter>Source Files</Filter>
    </ResourceCompile>
  </ItemGroup>
  <ItemGroup>
    <ClInclude Include="GrablinkSnapshot.h">
      <Filter>Header Files</Filter>
    </ClInclude>
    <ClInclude Include="GrablinkSnapshotDoc.h">
      <Filter>Header Files</Filter>
    </ClInclude>
    <ClInclude Include="GrablinkSnapshotView.h">
      <Filter>Header Files</Filter>
    </ClInclude>
    <ClInclude Include="MainFrm.h">
      <Filter>Header Files</Filter>
    </ClInclude>
    <ClInclude Include="Resource.h">
      <Filter>Header Files</Filter>
    </ClInclude>
    <ClInclude Include="StdAfx.h">
      <Filter>Header Files</Filter>
    </ClInclude>
    <ClInclude Include="BmpHelper.h">
      <Filter>Header Files</Filter>
    </ClInclude>
    <ClInclude Include="..\core\BmpWriter.h">
      <Filter>Header Files</Filter>
    </ClInclude>
    <ClInclude Include="..\core\CallbackDrain.h">
      <Filter>Header Files</Filter>
    </ClInclude>
    <ClInclude Include="..\core\CaptureStats.h">
      <Filter>Header Files</Filter>
    </ClInclude>
    <ClInclude Include="..\core\FrameBuffer.h">
      <Filter>Header Files</Filter>
    </ClInclude>
    <ClInclude Include="..\core\ModalScopeCounter.h">
      <Filter>Header Files</Filter>
    </ClInclude>
    <ClInclude Include="..\core\PreviewPublisher.h">
      <Filter>Header Files</Filter>
    </ClInclude>
    <ClInclude Include="..\core\RefreshCoalescer.h">
      <Filter>Header Files</Filter>
    </ClInclude>
    <ClInclude Include="..\core\RunFolder.h">
      <Filter>Header Files</Filter>
    </ClInclude>
    <ClInclude Include="..\core\SaveWorker.h">
      <Filter>Header Files</Filter>
    </ClInclude>
  </ItemGroup>
  <ItemGroup>
    <Image Include="GrablinkSnapshot.ico">
      <Filter>Resource Files</Filter>
    </Image>
    <Image Include="GrablinkSnapshotDoc.ico">
      <Filter>Resource Files</Filter>
    </Image>
  </ItemGroup>
  <ItemGroup>
    <None Include="GrablinkSnapshot.rc2">
      <Filter>Resource Files</Filter>
    </None>
  </ItemGroup>
</Project>